
Microsoft Visual Studio Solution File, Format Version 12.00
Project("{2150E333-8FDC-42A3-9474-1A3956D46DE8}") = "2 - Festa", "2 - Festa", "{C3AB4FB6-6E27-4AF1-BEBD-B43118E81AB9}"
EndProject
Project("{2150E333-8FDC-42A3-9474-1A3956D46DE8}") = "1 - Cadastro", "1 - Cadastro", "{9E1C06E7-838A-4854-A88E-493357D4E755}"
EndProject
Project("{2150E333-8FDC-42A3-9474-1A3956D46DE8}") = "4 - Pagamento", "4 - Pagamento", "{91ACF5A2-ADF5-4516-88C6-4F1BD1900CA6}"
EndProject
Project("{FAE04EC0-301F-11D3-BF4B-00C04F79EFBC}") = "MVM.CabanasDream.Festas.Domain", "src\MVM.CabanasDream.Festas.Domain\MVM.CabanasDream.Festas.Domain.csproj", "{A6EB353E-7C39-4087-8896-3FC0D6777F12}"
EndProject
Project("{FAE04EC0-301F-11D3-BF4B-00C04F79EFBC}") = "MVM.CabanasDream.Festas.Application", "src\MVM.CabanasDream.Festas.Application\MVM.CabanasDream.Festas.Application.csproj", "{BEB6D893-8CD3-403E-B437-E6F9161667F5}"
EndProject
Project("{2150E333-8FDC-42A3-9474-1A3956D46DE8}") = "5 - Core", "5 - Core", "{6F9A1AA4-FC51-4FA8-924D-2E46EE0B6026}"
EndProject
Project("{FAE04EC0-301F-11D3-BF4B-00C04F79EFBC}") = "MVM.CabanasDream.Core", "src\MVM.CabanasDream.Core\MVM.CabanasDream.Core.csproj", "{60735AB8-F75E-41D4-ADB4-CBEDE9A9C01A}"
EndProject
Project("{FAE04EC0-301F-11D3-BF4B-00C04F79EFBC}") = "MVM.CabanasDream.Festas.Data", "src\MVM.CabanasDream.Festas.Data\MVM.CabanasDream.Festas.Data.csproj", "{60202A39-C5D4-41D7-915C-CE6FB4F28858}"
EndProject
Project("{FAE04EC0-301F-11D3-BF4B-00C04F79EFBC}") = "MVM.CabanasDream.Cadastro.API", "src\MVM.CabanasDream.Cadastro.API\MVM.CabanasDream.Cadastro.API.csproj", "{0B92E00A-B3E2-43C5-808F-62B9BBB53AA2}"
EndProject
Project("{2150E333-8FDC-42A3-9474-1A3956D46DE8}") = "Projects", "Projects", "{ACB7A94C-1640-494F-9DA2-BB285195C5D7}"
EndProject
Project("{2150E333-8FDC-42A3-9474-1A3956D46DE8}") = "Testes", "Testes", "{ABCB2280-B582-45F5-BA77-59E58BED8E0D}"
EndProject
Project("{FAE04EC0-301F-11D3-BF4B-00C04F79EFBC}") = "MVM.CabanasDream.Festa.Teste", "test\MVM.CabanasDream.Festa.Teste\MVM.CabanasDream.Festa.Teste.csproj", "{CD0FDC5E-1420-4709-9578-969B2E357306}"
EndProject
Project("{FAE04EC0-301F-11D3-BF4B-00C04F79EFBC}") = "MVM.CabanasDream.Festas.API", "src\MVM.CabanasDream.Festas.API\MVM.CabanasDream.Festas.API.csproj", "{88C1A4F7-D455-42B4-99FB-A91B1FDC7F04}"
EndProject
Project("{2150E333-8FDC-42A3-9474-1A3956D46DE8}") = "3 - Fiscal", "3 - Fiscal", "{63875520-2E43-498B-89FB-60742D51245A}"
EndProject
Project("{FAE04EC0-301F-11D3-BF4B-00C04F79EFBC}") = "MVM.CabanasDream.Fiscal.API", "src\MVM.CabanasDream.Fiscal.API\MVM.CabanasDream.Fiscal.API.csproj", "{606FC21E-364B-4A4A-8742-755BFEE13CD9}"
EndProject
Project("{FAE04EC0-301F-11D3-BF4B-00C04F79EFBC}") = "MVM.CabanasDream.Pagamento.API", "src\MVM.CabanasDream.Pagamento.API\MVM.CabanasDream.Pagamento.API.csproj", "{3C3E297B-6431-4D8B-9887-F4FCAE200757}"
EndProject
Project("{FAE04EC0-301F-11D3-BF4B-00C04F79EFBC}") = "MVM.CabanasDream.Fiscal.Bussiness", "src\MVM.CabanasDream.Fiscal.Bussiness\MVM.CabanasDream.Fiscal.Bussiness.csproj", "{F4D1C436-BD6A-45B4-8778-E09F4BF63AA7}"
EndProject
Project("{FAE04EC0-301F-11D3-BF4B-00C04F79EFBC}") = "MVM.CabanasDream.Fiscal.Data", "src\MVM.CabanasDream.Fiscal.Data\MVM.CabanasDream.Fiscal.Data.csproj", "{572F2CF1-C3B5-4491-BD24-163F9B1EDE2E}"
EndProject
Global
	GlobalSection(SolutionConfigurationPlatforms) = preSolution
		Debug|Any CPU = Debug|Any CPU
		Release|Any CPU = Release|Any CPU
	EndGlobalSection
	GlobalSection(NestedProjects) = preSolution
		{A6EB353E-7C39-4087-8896-3FC0D6777F12} = {C3AB4FB6-6E27-4AF1-BEBD-B43118E81AB9}
		{BEB6D893-8CD3-403E-B437-E6F9161667F5} = {C3AB4FB6-6E27-4AF1-BEBD-B43118E81AB9}
		{60735AB8-F75E-41D4-ADB4-CBEDE9A9C01A} = {6F9A1AA4-FC51-4FA8-924D-2E46EE0B6026}
		{60202A39-C5D4-41D7-915C-CE6FB4F28858} = {C3AB4FB6-6E27-4AF1-BEBD-B43118E81AB9}
		{0B92E00A-B3E2-43C5-808F-62B9BBB53AA2} = {9E1C06E7-838A-4854-A88E-493357D4E755}
		{6F9A1AA4-FC51-4FA8-924D-2E46EE0B6026} = {ACB7A94C-1640-494F-9DA2-BB285195C5D7}
		{91ACF5A2-ADF5-4516-88C6-4F1BD1900CA6} = {ACB7A94C-1640-494F-9DA2-BB285195C5D7}
		{9E1C06E7-838A-4854-A88E-493357D4E755} = {ACB7A94C-1640-494F-9DA2-BB285195C5D7}
		{C3AB4FB6-6E27-4AF1-BEBD-B43118E81AB9} = {ACB7A94C-1640-494F-9DA2-BB285195C5D7}
		{CD0FDC5E-1420-4709-9578-969B2E357306} = {ABCB2280-B582-45F5-BA77-59E58BED8E0D}
		{88C1A4F7-D455-42B4-99FB-A91B1FDC7F04} = {C3AB4FB6-6E27-4AF1-BEBD-B43118E81AB9}
		{63875520-2E43-498B-89FB-60742D51245A} = {ACB7A94C-1640-494F-9DA2-BB285195C5D7}
		{606FC21E-364B-4A4A-8742-755BFEE13CD9} = {63875520-2E43-498B-89FB-60742D51245A}
		{3C3E297B-6431-4D8B-9887-F4FCAE200757} = {91ACF5A2-ADF5-4516-88C6-4F1BD1900CA6}
		{F4D1C436-BD6A-45B4-8778-E09F4BF63AA7} = {63875520-2E43-498B-89FB-60742D51245A}
		{572F2CF1-C3B5-4491-BD24-163F9B1EDE2E} = {63875520-2E43-498B-89FB-60742D51245A}
	EndGlobalSection
	GlobalSection(ProjectConfigurationPlatforms) = postSolution
		{A6EB353E-7C39-4087-8896-3FC0D6777F12}.Debug|Any CPU.ActiveCfg = Debug|Any CPU
		{A6EB353E-7C39-4087-8896-3FC0D6777F12}.Debug|Any CPU.Build.0 = Debug|Any CPU
		{A6EB353E-7C39-4087-8896-3FC0D6777F12}.Release|Any CPU.ActiveCfg = Release|Any CPU
		{A6EB353E-7C39-4087-8896-3FC0D6777F12}.Release|Any CPU.Build.0 = Release|Any CPU
		{BEB6D893-8CD3-403E-B437-E6F9161667F5}.Debug|Any CPU.ActiveCfg = Debug|Any CPU
		{BEB6D893-8CD3-403E-B437-E6F9161667F5}.Debug|Any CPU.Build.0 = Debug|Any CPU
		{BEB6D893-8CD3-403E-B437-E6F9161667F5}.Release|Any CPU.ActiveCfg = Release|Any CPU
		{BEB6D893-8CD3-403E-B437-E6F9161667F5}.Release|Any CPU.Build.0 = Release|Any CPU
		{60735AB8-F75E-41D4-ADB4-CBEDE9A9C01A}.Debug|Any CPU.ActiveCfg = Debug|Any CPU
		{60735AB8-F75E-41D4-ADB4-CBEDE9A9C01A}.Debug|Any CPU.Build.0 = Debug|Any CPU
		{60735AB8-F75E-41D4-ADB4-CBEDE9A9C01A}.Release|Any CPU.ActiveCfg = Release|Any CPU
		{60735AB8-F75E-41D4-ADB4-CBEDE9A9C01A}.Release|Any CPU.Build.0 = Release|Any CPU
		{60202A39-C5D4-41D7-915C-CE6FB4F28858}.Debug|Any CPU.ActiveCfg = Debug|Any CPU
		{60202A39-C5D4-41D7-915C-CE6FB4F28858}.Debug|Any CPU.Build.0 = Debug|Any CPU
		{60202A39-C5D4-41D7-915C-CE6FB4F28858}.Release|Any CPU.ActiveCfg = Release|Any CPU
		{60202A39-C5D4-41D7-915C-CE6FB4F28858}.Release|Any CPU.Build.0 = Release|Any CPU
		{0B92E00A-B3E2-43C5-808F-62B9BBB53AA2}.Debug|Any CPU.ActiveCfg = Debug|Any CPU
		{0B92E00A-B3E2-43C5-808F-62B9BBB53AA2}.Debug|Any CPU.Build.0 = Debug|Any CPU
		{0B92E00A-B3E2-43C5-808F-62B9BBB53AA2}.Release|Any CPU.ActiveCfg = Release|Any CPU
		{0B92E00A-B3E2-43C5-808F-62B9BBB53AA2}.Release|Any CPU.Build.0 = Release|Any CPU
		{CD0FDC5E-1420-4709-9578-969B2E357306}.Debug|Any CPU.ActiveCfg = Debug|Any CPU
		{CD0FDC5E-1420-4709-9578-969B2E357306}.Debug|Any CPU.Build.0 = Debug|Any CPU
		{CD0FDC5E-1420-4709-9578-969B2E357306}.Release|Any CPU.ActiveCfg = Release|Any CPU
		{CD0FDC5E-1420-4709-9578-969B2E357306}.Release|Any CPU.Build.0 = Release|Any CPU
		{88C1A4F7-D455-42B4-99FB-A91B1FDC7F04}.Debug|Any CPU.ActiveCfg = Debug|Any CPU
		{88C1A4F7-D455-42B4-99FB-A91B1FDC7F04}.Debug|Any CPU.Build.0 = Debug|Any CPU
		{88C1A4F7-D455-42B4-99FB-A91B1FDC7F04}.Release|Any CPU.ActiveCfg = Release|Any CPU
		{88C1A4F7-D455-42B4-99FB-A91B1FDC7F04}.Release|Any CPU.Build.0 = Release|Any CPU
		{606FC21E-364B-4A4A-8742-755BFEE13CD9}.Debug|Any CPU.ActiveCfg = Debug|Any CPU
		{606FC21E-364B-4A4A-8742-755BFEE13CD9}.Debug|Any CPU.Build.0 = Debug|Any CPU
		{606FC21E-364B-4A4A-8742-755BFEE13CD9}.Release|Any CPU.ActiveCfg = Release|Any CPU
		{606FC21E-364B-4A4A-8742-755BFEE13CD9}.Release|Any CPU.Build.0 = Release|Any CPU
		{3C3E297B-6431-4D8B-9887-F4FCAE200757}.Debug|Any CPU.ActiveCfg = Debug|Any CPU
		{3C3E297B-6431-4D8B-9887-F4FCAE200757}.Debug|Any CPU.Build.0 = Debug|Any CPU
		{3C3E297B-6431-4D8B-9887-F4FCAE200757}.Release|Any CPU.ActiveCfg = Release|Any CPU
		{3C3E297B-6431-4D8B-9887-F4FCAE200757}.Release|Any CPU.Build.0 = Release|Any CPU
		{F4D1C436-BD6A-45B4-8778-E09F4BF63AA7}.Debug|Any CPU.ActiveCfg = Debug|Any CPU
		{F4D1C436-BD6A-45B4-8778-E09F4BF63AA7}.Debug|Any CPU.Build.0 = Debug|Any CPU
		{F4D1C436-BD6A-45B4-8778-E09F4BF63AA7}.Release|Any CPU.ActiveCfg = Release|Any CPU
		{F4D1C436-BD6A-45B4-8778-E09F4BF63AA7}.Release|Any CPU.Build.0 = Release|Any CPU
		{572F2CF1-C3B5-4491-BD24-163F9B1EDE2E}.Debug|Any CPU.ActiveCfg = Debug|Any CPU
		{572F2CF1-C3B5-4491-BD24-163F9B1EDE2E}.Debug|Any CPU.Build.0 = Debug|Any CPU
		{572F2CF1-C3B5-4491-BD24-163F9B1EDE2E}.Release|Any CPU.ActiveCfg = Release|Any CPU
		{572F2CF1-C3B5-4491-BD24-163F9B1EDE2E}.Release|Any CPU.Build.0 = Release|Any CPU
	EndGlobalSection
EndGlobal
